{
  "R": {
    "Version": "4.3.1",
    "Repositories": [
      {
        "Name": "CRAN",
        "URL": "https://cloud.r-project.org"
      }
    ]
  },
  "Packages": {
    "MASS": {
      "Package": "MASS",
      "Version": "7.3-60",
      "Source": "Repository",
      "Priority": "recommended",
      "Date": "2023-05-02",
      "Revision": "$Rev: 3621 $",
      "Depends": [
        "R (>= 4.0)",
        "grDevices",
        "graphics",
        "stats",
        "utils"
      ],
      "Imports": [
        "methods"
      ],
      "Suggests": [
        "lattice",
        "nlme",
        "nnet",
        "survival"
      ],
      "Authors@R": "c(person(\"Brian\", \"Ripley\", role = c(\"aut\", \"cre\", \"cph\"), email = \"ripley@stats.ox.ac.uk\"), person(\"Bill\", \"Venables\", role = \"ctb\"), person(c(\"Douglas\", \"M.\"), \"Bates\", role = \"ctb\"), person(\"Kurt\", \"Hornik\", role = \"trl\", comment = \"partial port ca 1998\"), person(\"Albrecht\", \"Gebhardt\", role = \"trl\", comment = \"partial port ca 1998\"), person(\"David\", \"Firth\", role = \"ctb\"))",
      "Description": "Functions and datasets to support Venables and Ripley, \"Modern Applied Statistics with S\" (4th edition, 2002).",
      "Title": "Support Functions and Datasets for Venables and Ripley's MASS",
      "LazyData": "yes",
      "ByteCompile": "yes",
      "License": "GPL-2 | GPL-3",
      "URL": "http://www.stats.ox.ac.uk/pub/MASS4/",
      "Contact": "<MASS@stats.ox.ac.uk>",
      "NeedsCompilation": "yes",
      "Author": "Brian Ripley [aut, cre, cph], Bill Venables [ctb], Douglas M. Bates [ctb], Kurt Hornik [trl] (partial port ca 1998), Albrecht Gebhardt [trl] (partial port ca 1998), David Firth [ctb]",
      "Maintainer": "Brian Ripley <ripley@stats.ox.ac.uk>",
      "Repository": "CRAN"
    },
    "Matrix": {
      "Package": "Matrix",
      "Version": "1.6-4",
      "Source": "Repository",
      "VersionNote": "do also bump src/version.h, inst/include/Matrix/version.h",
      "Date": "2023-11-29",
      "Priority": "recommended",
      "Title": "Sparse and Dense Matrix Classes and Methods",
      "Description": "A rich hierarchy of sparse and dense matrix classes, including general, symmetric, triangular, and diagonal matrices with numeric, logical, or pattern entries.  Efficient methods for operating on such matrices, often wrapping the 'BLAS', 'LAPACK', and 'SuiteSparse' libraries.",
      "License": "GPL (>= 2) | file LICENCE",
      "URL": "https://Matrix.R-forge.R-project.org",
      "BugReports": "https://R-forge.R-project.org/tracker/?atid=294&group_id=61",
      "Contact": "Matrix-authors@R-project.org",
      "Authors@R": "c(person(\"Douglas\", \"Bates\", role = \"aut\", comment = c(ORCID = \"0000-0001-8316-9503\")), person(\"Martin\", \"Maechler\", role = c(\"aut\", \"cre\"), email = \"mmaechler+Matrix@gmail.com\", comment = c(ORCID = \"0000-0002-8685-9910\")), person(\"Mikael\", \"Jagan\", role = \"aut\", comment = c(ORCID = \"0000-0002-3542-2938\")), person(\"Timothy A.\", \"Davis\", role = \"ctb\", comment = c(ORCID = \"0000-0001-7614-6899\", \"SuiteSparse libraries, notably CHOLMOD and AMD\", \"collaborators listed in dir(pattern=\\\"^[A-Z]+[.]txt$\\\", full.names=TRUE, system.file(\\\"doc\\\", \\\"SuiteSparse\\\", package=\\\"Matrix\\\"))\")), person(\"Jens\", \"Oehlschlägel\", role = \"ctb\", comment = \"initial nearPD()\"), person(\"Jason\", \"Riedy\", role = \"ctb\", comment = c(ORCID = \"0000-0002-4345-4200\", \"GNU Octave's condest() and onenormest()\", \"Copyright: Regents of the University of California\")), person(\"R Core Team\", role = \"ctb\", comment = \"base R's matrix implementation\"))",
      "Depends": [
        "R (>= 3.5.0)",
        "methods"
      ],
      "Imports": [
        "grDevices",
        "graphics",
        "grid",
        "lattice",
        "stats",
        "utils"
      ],
      "Suggests": [
        "MASS",
        "datasets",
        "sfsmisc",
        "tools"
      ],
      "Enhances": [
        "SparseM",
        "graph"
      ],
      "LazyData": "no",
      "LazyDataNote": "not possible, since we use data/*.R and our S4 classes",
      "BuildResaveData": "no",
      "Encoding": "UTF-8",
      "NeedsCompilation": "yes",
      "Author": "Douglas Bates [aut] (<https://orcid.org/0000-0001-8316-9503>), Martin Maechler [aut, cre] (<https://orcid.org/0000-0002-8685-9910>), Mikael Jagan [aut] (<https://orcid.org/0000-0002-3542-2938>), Timothy A. Davis [ctb] (<https://orcid.org/0000-0001-7614-6899>, SuiteSparse libraries, notably CHOLMOD and AMD, collaborators listed in dir(pattern=\"^[A-Z]+[.]txt$\", full.names=TRUE, system.file(\"doc\", \"SuiteSparse\", package=\"Matrix\"))), Jens Oehlschlägel [ctb] (initial nearPD()), Jason Riedy [ctb] (<https://orcid.org/0000-0002-4345-4200>, GNU Octave's condest() and onenormest(), Copyright: Regents of the University of California), R Core Team [ctb] (base R's matrix implementation)",
      "Maintainer": "Martin Maechler <mmaechler+Matrix@gmail.com>",
      "Repository": "CRAN"
    },
    "lattice": {
      "Package": "lattice",
      "Version": "0.22-5",
      "Source": "Repository",
      "Date": "2023-10-23",
      "Priority": "recommended",
      "Title": "Trellis Graphics for R",
      "Authors@R": "c(person(\"Deepayan\", \"Sarkar\", role = c(\"aut\", \"cre\"), email = \"deepayan.sarkar@r-project.org\", comment = c(ORCID = \"0000-0003-4107-1553\")), person(\"Felix\", \"Andrews\", role = \"ctb\"), person(\"Kevin\", \"Wright\", role = \"ctb\", comment = \"documentation\"), person(\"Neil\", \"Klepeis\", role = \"ctb\"), person(\"Johan\", \"Larsson\", role = \"ctb\", comment = \"miscellaneous improvements\"), person(\"Zhijian (Jason)\", \"Wen\", role = \"cph\", comment = \"filled contour code\"), person(\"Paul\", \"Murrell\", role = \"ctb\", email = \"paul@stat.auckland.ac.nz\"), person(\"Stefan\", \"Eng\", role = \"ctb\", comment = \"violin plot improvements\"), person(\"Achim\", \"Zeileis\", role = \"ctb\", comment = \"modern colors\"), person(\"Alexandre\", \"Courtiol\", role = \"ctb\", comment = \"generics for larrows, lpolygon, lrect and lsegments\") )",
      "Description": "A powerful and elegant high-level data visualization system inspired by Trellis graphics, with an emphasis on multivariate data. Lattice is sufficient for typical graphics needs, and is also flexible enough to handle most nonstandard requirements. See ?Lattice for an introduction.",
      "Depends": [
        "R (>= 4.0.0)"
      ],
      "Suggests": [
        "KernSmooth",
        "MASS",
        "latticeExtra",
        "colorspace"
      ],
      "Imports": [
        "grid",
        "grDevices",
        "graphics",
        "stats",
        "utils"
      ],
      "Enhances": [
        "chron",
        "zoo"
      ],
      "LazyLoad": "yes",
      "LazyData": "yes",
      "License": "GPL (>= 2)",
      "URL": "https://lattice.r-forge.r-project.org/",
      "BugReports": "https://github.com/deepayan/lattice/issues",
      "NeedsCompilation": "yes",
      "Author": "Deepayan Sarkar [aut, cre] (<https://orcid.org/0000-0003-4107-1553>), Felix Andrews [ctb], Kevin Wright [ctb] (documentation), Neil Klepeis [ctb], Johan Larsson [ctb] (miscellaneous improvements), Zhijian (Jason) Wen [cph] (filled contour code), Paul Murrell [ctb], Stefan Eng [ctb] (violin plot improvements), Achim Zeileis [ctb] (modern colors), Alexandre Courtiol [ctb] (generics for larrows, lpolygon, lrect and lsegments)",
      "Maintainer": "Deepayan Sarkar <deepayan.sarkar@r-project.org>",
      "Repository": "CRAN"
    },
    "mgcv": {
      "Package": "mgcv",
      "Version": "1.9-0",
      "Source": "Repository",
      "Author": "Simon Wood <simon.wood@r-project.org>",
      "Maintainer": "Simon Wood <simon.wood@r-project.org>",
      "Title": "Mixed GAM Computation Vehicle with Automatic Smoothness Estimation",
      "Description": "Generalized additive (mixed) models, some of their extensions and  other generalized ridge regression with multiple smoothing  parameter estimation by (Restricted) Marginal Likelihood,  Generalized Cross Validation and similar, or using iterated  nested Laplace approximation for fully Bayesian inference. See  Wood (2017) <doi:10.1201/9781315370279> for an overview.  Includes a gam() function, a wide variety of smoothers, 'JAGS'  support and distributions beyond the exponential family.",
      "Priority": "recommended",
      "Depends": [
        "R (>= 3.6.0)",
        "nlme (>= 3.1-64)"
      ],
      "Imports": [
        "methods",
        "stats",
        "graphics",
        "Matrix",
        "splines",
        "utils"
      ],
      "Suggests": [
        "parallel",
        "survival",
        "MASS"
      ],
      "LazyLoad": "yes",
      "ByteCompile": "yes",
      "License": "GPL (>= 2)",
      "NeedsCompilation": "yes",
      "Repository": "CRAN"
    },
    "nlme": {
      "Package": "nlme",
      "Version": "3.1-164",
      "Source": "Repository",
      "Date": "2023-11-27",
      "Priority": "recommended",
      "Title": "Linear and Nonlinear Mixed Effects Models",
      "Authors@R": "c(person(\"José\", \"Pinheiro\", role = \"aut\", comment = \"S version\"), person(\"Douglas\", \"Bates\", role = \"aut\", comment = \"up to 2007\"), person(\"Saikat\", \"DebRoy\", role = \"ctb\", comment = \"up to 2002\"), person(\"Deepayan\", \"Sarkar\", role = \"ctb\", comment = \"up to 2005\"), person(\"EISPACK authors\", role = \"ctb\", comment = \"src/rs.f\"), person(\"Siem\", \"Heisterkamp\", role = \"ctb\", comment = \"Author fixed sigma\"), person(\"Bert\", \"Van Willigen\",role = \"ctb\", comment = \"Programmer fixed sigma\"), person(\"Johannes\", \"Ranke\", role = \"ctb\", comment = \"varConstProp()\"), person(\"R Core Team\", email = \"R-core@R-project.org\", role = c(\"aut\", \"cre\")))",
      "Contact": "see 'MailingList'",
      "Description": "Fit and compare Gaussian linear and nonlinear mixed-effects models.",
      "Depends": [
        "R (>= 3.5.0)"
      ],
      "Imports": [
        "graphics",
        "stats",
        "utils",
        "lattice"
      ],
      "Suggests": [
        "Hmisc",
        "MASS",
        "SASmixed"
      ],
      "LazyData": "yes",
      "Encoding": "UTF-8",
      "License": "GPL (>= 2)",
      "BugReports": "https://bugs.r-project.org",
      "MailingList": "R-help@r-project.org",
      "URL": "https://svn.r-project.org/R-packages/trunk/nlme/",
      "NeedsCompilation": "yes",
      "Author": "José Pinheiro [aut] (S version), Douglas Bates [aut] (up to 2007), Saikat DebRoy [ctb] (up to 2002), Deepayan Sarkar [ctb] (up to 2005), EISPACK authors [ctb] (src/rs.f), Siem Heisterkamp [ctb] (Author fixed sigma), Bert Van Willigen [ctb] (Programmer fixed sigma), Johannes Ranke [ctb] (varConstProp()), R Core Team [aut, cre]",
      "Maintainer": "R Core Team <R-core@R-project.org>",
      "Repository": "CRAN"
    },
    "renv": {
      "Package": "renv",
      "Version": "1.1.7",
      "Source": "Repository",
      "Type": "Package",
      "Title": "Project Environments",
      "Authors@R": "c( person(\"Kevin\", \"Ushey\", role = c(\"aut\", \"cre\"), email = \"kevin@rstudio.com\", comment = c(ORCID = \"0000-0003-2880-7407\")), person(\"Hadley\", \"Wickham\", role = c(\"aut\"), email = \"hadley@rstudio.com\", comment = c(ORCID = \"0000-0003-4757-117X\")), person(\"Posit Software, PBC\", role = c(\"cph\", \"fnd\")) )",
      "Description": "A dependency management toolkit for R. Using 'renv', you can create and manage project-local R libraries, save the state of these libraries to a 'lockfile', and later restore your library as required. Together, these tools can help make your projects more isolated, portable, and reproducible.",
      "License": "MIT + file LICENSE",
      "URL": "https://rstudio.github.io/renv/, https://github.com/rstudio/renv",
      "BugReports": "https://github.com/rstudio/renv/issues",
      "Imports": [
        "utils"
      ],
      "Suggests": [
        "BiocManager",
        "cli",
        "compiler",
        "covr",
        "cpp11",
        "curl",
        "devtools",
        "generics",
        "gitcreds",
        "jsonlite",
        "jsonvalidate",
        "knitr",
        "miniUI",
        "modules",
        "packrat",
        "pak",
        "R6",
        "remotes",
        "reticulate",
        "rmarkdown",
        "rstudioapi",
        "shiny",
        "testthat",
        "uuid",
        "waldo",
        "yaml",
        "webfakes"
      ],
      "Encoding": "UTF-8",
      "RoxygenNote": "7.3.3",
      "VignetteBuilder": "knitr",
      "Config/Needs/website": "tidyverse/tidytemplate",
      "Config/testthat/edition": "3",
      "Config/testthat/parallel": "true",
      "Config/testthat/start-first": "bioconductor,python,install,restore,snapshot,retrieve,remotes",
      "NeedsCompilation": "no",
      "Author": "Kevin Ushey [aut, cre] (ORCID: <https://orcid.org/0000-0003-2880-7407>), Hadley Wickham [aut] (ORCID: <https://orcid.org/0000-0003-4757-117X>), Posit Software, PBC [cph, fnd]",
      "Maintainer": "Kevin Ushey <kevin@rstudio.com>",
      "Repository": "CRAN"
    }
  }
}
